
Microsoft Visual Studio Solution File, Format Version 12.00
# Visual Studio Version 16
VisualStudioVersion = 16.6.30114.105
MinimumVisualStudioVersion = 10.0.40219.1
Project("{FAE04EC0-301F-11D3-BF4B-00C04F79EFBC}") = "API", "API\API.csproj", "{0FACD2EC-4F4C-40F3-8B1B-EB6BFB790923}"
EndProject
Project("{FAE04EC0-301F-11D3-BF4B-00C04F79EFBC}") = "Application", "Application\Application.csproj", "{C91E8159-4EFC-4D1C-8144-643C07FFA96F}"
EndProject
Project("{FAE04EC0-301F-11D3-BF4B-00C04F79EFBC}") = "Persistence", "Persistence\Persistence.csproj", "{B2412A20-67F8-449D-A20F-5F30FFE5B536}"
EndProject
Project("{FAE04EC0-301F-11D3-BF4B-00C04F79EFBC}") = "Domain", "Domain\Domain.csproj", "{1BA2C169-F789-4224-AE7B-62C87CC6957F}"
EndProject
Global
	GlobalSection(SolutionConfigurationPlatforms) = preSolution
		Debug|Any CPU = Debug|Any CPU
		Debug|x64 = Debug|x64
		Debug|x86 = Debug|x86
		Release|Any CPU = Release|Any CPU
		Release|x64 = Release|x64
		Release|x86 = Release|x86
	EndGlobalSection
	GlobalSection(SolutionProperties) = preSolution
		HideSolutionNode = FALSE
	EndGlobalSection
	GlobalSection(ProjectConfigurationPlatforms) = postSolution
		{0FACD2EC-4F4C-40F3-8B1B-EB6BFB790923}.Debug|Any CPU.ActiveCfg = Debug|Any CPU
		{0FACD2EC-4F4C-40F3-8B1B-EB6BFB790923}.Debug|Any CPU.Build.0 = Debug|Any CPU
		{0FACD2EC-4F4C-40F3-8B1B-EB6BFB790923}.Debug|x64.ActiveCfg = Debug|Any CPU
		{0FACD2EC-4F4C-40F3-8B1B-EB6BFB790923}.Debug|x64.Build.0 = Debug|Any CPU
		{0FACD2EC-4F4C-40F3-8B1B-EB6BFB790923}.Debug|x86.ActiveCfg = Debug|Any CPU
		{0FACD2EC-4F4C-40F3-8B1B-EB6BFB790923}.Debug|x86.Build.0 = Debug|Any CPU
		{0FACD2EC-4F4C-40F3-8B1B-EB6BFB790923}.Release|Any CPU.ActiveCfg = Release|Any CPU
		{0FACD2EC-4F4C-40F3-8B1B-EB6BFB790923}.Release|Any CPU.Build.0 = Release|Any CPU
		{0FACD2EC-4F4C-40F3-8B1B-EB6BFB790923}.Release|x64.ActiveCfg = Release|Any CPU
		{0FACD2EC-4F4C-40F3-8B1B-EB6BFB790923}.Release|x64.Build.0 = Release|Any CPU
		{0FACD2EC-4F4C-40F3-8B1B-EB6BFB790923}.Release|x86.ActiveCfg = Release|Any CPU
		{0FACD2EC-4F4C-40F3-8B1B-EB6BFB790923}.Release|x86.Build.0 = Release|Any CPU
		{C91E8159-4EFC-4D1C-8144-643C07FFA96F}.Debug|Any CPU.ActiveCfg = Debug|Any CPU
		{C91E8159-4EFC-4D1C-8144-643C07FFA96F}.Debug|Any CPU.Build.0 = Debug|Any CPU
		{C91E8159-4EFC-4D1C-8144-643C07FFA96F}.Debug|x64.ActiveCfg = Debug|Any CPU
		{C91E8159-4EFC-4D1C-8144-643C07FFA96F}.Debug|x64.Build.0 = Debug|Any CPU
		{C91E8159-4EFC-4D1C-8144-643C07FFA96F}.Debug|x86.ActiveCfg = Debug|Any CPU
		{C91E8159-4EFC-4D1C-8144-643C07FFA96F}.Debug|x86.Build.0 = Debug|Any CPU
		{C91E8159-4EFC-4D1C-8144-643C07FFA96F}.Release|Any CPU.ActiveCfg = Release|Any CPU
		{C91E8159-4EFC-4D1C-8144-643C07FFA96F}.Release|Any CPU.Build.0 = Release|Any CPU
		{C91E8159-4EFC-4D1C-8144-643C07FFA96F}.Release|x64.ActiveCfg = Release|Any CPU
		{C91E8159-4EFC-4D1C-8144-643C07FFA96F}.Release|x64.Build.0 = Release|Any CPU
		{C91E8159-4EFC-4D1C-8144-643C07FFA96F}.Release|x86.ActiveCfg = Release|Any CPU
		{C91E8159-4EFC-4D1C-8144-643C07FFA96F}.Release|x86.Build.0 = Release|Any CPU
		{B2412A20-67F8-449D-A20F-5F30FFE5B536}.Debug|Any CPU.ActiveCfg = Debug|Any CPU
		{B2412A20-67F8-449D-A20F-5F30FFE5B536}.Debug|Any CPU.Build.0 = Debug|Any CPU
		{B2412A20-67F8-449D-A20F-5F30FFE5B536}.Debug|x64.ActiveCfg = Debug|Any CPU
		{B2412A20-67F8-449D-A20F-5F30FFE5B536}.Debug|x64.Build.0 = Debug|Any CPU
		{B2412A20-67F8-449D-A20F-5F30FFE5B536}.Debug|x86.ActiveCfg = Debug|Any CPU
		{B2412A20-67F8-449D-A20F-5F30FFE5B536}.Debug|x86.Build.0 = Debug|Any CPU
		{B2412A20-67F8-449D-A20F-5F30FFE5B536}.Release|Any CPU.ActiveCfg = Release|Any CPU
		{B2412A20-67F8-449D-A20F-5F30FFE5B536}.Release|Any CPU.Build.0 = Release|Any CPU
		{B2412A20-67F8-449D-A20F-5F30FFE5B536}.Release|x64.ActiveCfg = Release|Any CPU
		{B2412A20-67F8-449D-A20F-5F30FFE5B536}.Release|x64.Build.0 = Release|Any CPU
		{B2412A20-67F8-449D-A20F-5F30FFE5B536}.Release|x86.ActiveCfg = Release|Any CPU
		{B2412A20-67F8-449D-A20F-5F30FFE5B536}.Release|x86.Build.0 = Release|Any CPU
		{1BA2C169-F789-4224-AE7B-62C87CC6957F}.Debug|Any CPU.ActiveCfg = Debug|Any CPU
		{1BA2C169-F789-4224-AE7B-62C87CC6957F}.Debug|Any CPU.Build.0 = Debug|Any CPU
		{1BA2C169-F789-4224-AE7B-62C87CC6957F}.Debug|x64.ActiveCfg = Debug|Any CPU
		{1BA2C169-F789-4224-AE7B-62C87CC6957F}.Debug|x64.Build.0 = Debug|Any CPU
		{1BA2C169-F789-4224-AE7B-62C87CC6957F}.Debug|x86.ActiveCfg = Debug|Any CPU
		{1BA2C169-F789-4224-AE7B-62C87CC6957F}.Debug|x86.Build.0 = Debug|Any CPU
		{1BA2C169-F789-4224-AE7B-62C87CC6957F}.Release|Any CPU.ActiveCfg = Release|Any CPU
		{1BA2C169-F789-4224-AE7B-62C87CC6957F}.Release|Any CPU.Build.0 = Release|Any CPU
		{1BA2C169-F789-4224-AE7B-62C87CC6957F}.Release|x64.ActiveCfg = Release|Any CPU
		{1BA2C169-F789-4224-AE7B-62C87CC6957F}.Release|x64.Build.0 = Release|Any CPU
		{1BA2C169-F789-4224-AE7B-62C87CC6957F}.Release|x86.ActiveCfg = Release|Any CPU
		{1BA2C169-F789-4224-AE7B-62C87CC6957F}.Release|x86.Build.0 = Release|Any CPU
	EndGlobalSection
EndGlobal
